
Microsoft Visual Studio Solution File, Format Version 12.00
# Visual Studio Version 17
VisualStudioVersion = 17.0.31912.275
MinimumVisualStudioVersion = 10.0.40219.1
Project("{9A19103F-16F7-4668-BE54-9A1E7A4F7556}") = "Quark.Core.Abstractions", "Quark.Core.Abstractions\Quark.Core.Abstractions.csproj", "{CD8F5B38-033C-4A61-A834-7925425797BF}"
EndProject
Project("{9A19103F-16F7-4668-BE54-9A1E7A4F7556}") = "Quark.Core", "Quark.Core\Quark.Core.csproj", "{9B7219AF-4158-42F3-88D6-8354F6521964}"
EndProject
Global
	GlobalSection(SolutionConfigurationPlatforms) = preSolution
		Debug|Any CPU = Debug|Any CPU
		Release|Any CPU = Release|Any CPU
	EndGlobalSection
	GlobalSection(ProjectConfigurationPlatforms) = postSolution
		{CD8F5B38-033C-4A61-A834-7925425797BF}.Debug|Any CPU.ActiveCfg = Debug|Any CPU
		{CD8F5B38-033C-4A61-A834-7925425797BF}.Debug|Any CPU.Build.0 = Debug|Any CPU
		{CD8F5B38-033C-4A61-A834-7925425797BF}.Release|Any CPU.ActiveCfg = Release|Any CPU
		{CD8F5B38-033C-4A61-A834-7925425797BF}.Release|Any CPU.Build.0 = Release|Any CPU
		{9B7219AF-4158-42F3-88D6-8354F6521964}.Debug|Any CPU.ActiveCfg = Debug|Any CPU
		{9B7219AF-4158-42F3-88D6-8354F6521964}.Debug|Any CPU.Build.0 = Debug|Any CPU
		{9B7219AF-4158-42F3-88D6-8354F6521964}.Release|Any CPU.ActiveCfg = Release|Any CPU
		{9B7219AF-4158-42F3-88D6-8354F6521964}.Release|Any CPU.Build.0 = Release|Any CPU
	EndGlobalSection
	GlobalSection(SolutionProperties) = preSolution
		HideSolutionNode = FALSE
	EndGlobalSection
	GlobalSection(ExtensibilityGlobals) = postSolution
		SolutionGuid = {83503C7B-B51A-4742-A4E1-5AC82820AC1D}
	EndGlobalSection
EndGlobal
